
Microsoft Visual Studio Solution File, Format Version 12.00
# Visual Studio Version 16
VisualStudioVersion = 16.0.30611.23
MinimumVisualStudioVersion = 10.0.40219.1
Project("{9A19103F-16F7-4668-BE54-9A1E7A4F7556}") = "KeyVault-Rotation-Csharp", "src\KeyVault-Rotation-Csharp.csproj", "{7C08C509-6F4C-4385-80F5-E4D674CFBFA3}"
EndProject
Project("{FAE04EC0-301F-11D3-BF4B-00C04F79EFBC}") = "KeyVault-Rotation.Tests", "KeyVault-Rotation.Tests\KeyVault-Rotation.Tests.csproj", "{0C058341-9B44-4327-8A68-BAA1D7FB0190}"
EndProject
Global
	GlobalSection(SolutionConfigurationPlatforms) = preSolution
		Debug|Any CPU = Debug|Any CPU
		Release|Any CPU = Release|Any CPU
	EndGlobalSection
	GlobalSection(ProjectConfigurationPlatforms) = postSolution
		{7C08C509-6F4C-4385-80F5-E4D674CFBFA3}.Debug|Any CPU.ActiveCfg = Debug|Any CPU
		{7C08C509-6F4C-4385-80F5-E4D674CFBFA3}.Debug|Any CPU.Build.0 = Debug|Any CPU
		{7C08C509-6F4C-4385-80F5-E4D674CFBFA3}.Release|Any CPU.ActiveCfg = Release|Any CPU
		{7C08C509-6F4C-4385-80F5-E4D674CFBFA3}.Release|Any CPU.Build.0 = Release|Any CPU
		{0C058341-9B44-4327-8A68-BAA1D7FB0190}.Debug|Any CPU.ActiveCfg = Debug|Any CPU
		{0C058341-9B44-4327-8A68-BAA1D7FB0190}.Debug|Any CPU.Build.0 = Debug|Any CPU
		{0C058341-9B44-4327-8A68-BAA1D7FB0190}.Release|Any CPU.ActiveCfg = Release|Any CPU
		{0C058341-9B44-4327-8A68-BAA1D7FB0190}.Release|Any CPU.Build.0 = Release|Any CPU
	EndGlobalSection
	GlobalSection(SolutionProperties) = preSolution
		HideSolutionNode = FALSE
	EndGlobalSection
	GlobalSection(ExtensibilityGlobals) = postSolution
		SolutionGuid = {B7A8A3E3-554F-45A6-8E4F-1C8D5FE2C648}
	EndGlobalSection
EndGlobal
